{
  "name": "common-utils",
  "lockfileVersion": 2,
  "requires": true,
  "packages": {
    "": {
      "dependencies": {
        "dayjs": "^1.11.1",
        "dayjs-precise-range": "^1.0.1"
      }
    },
    "node_modules/dayjs": {
      "version": "1.11.1",
      "resolved": "https://registry.npmjs.org/dayjs/-/dayjs-1.11.1.tgz",
      "integrity": "sha512-ER7EjqVAMkRRsxNCC5YqJ9d9VQYuWdGt7aiH2qA5R5wt8ZmWaP2dLUSIK6y/kVzLMlmh1Tvu5xUf4M/wdGJ5KA=="
    },
    "node_modules/dayjs-precise-range": {
      "version": "1.0.1",
      "resolved": "https://registry.npmjs.org/dayjs-precise-range/-/dayjs-precise-range-1.0.1.tgz",
      "integrity": "sha512-d2Af99ennTt+DykEDt4aZHk6roMJA2Zb6KmI5pQnvei/4quCJwFqVsYKOKE3c5ZjjJasAUVm2xLoCewKJ/4Vgg=="
    }
  },
  "dependencies": {
    "dayjs": {
      "version": "1.11.1",
      "resolved": "https://registry.npmjs.org/dayjs/-/dayjs-1.11.1.tgz",
      "integrity": "sha512-ER7EjqVAMkRRsxNCC5YqJ9d9VQYuWdGt7aiH2qA5R5wt8ZmWaP2dLUSIK6y/kVzLMlmh1Tvu5xUf4M/wdGJ5KA=="
    },
    "dayjs-precise-range": {
      "version": "1.0.1",
      "resolved": "https://registry.npmjs.org/dayjs-precise-range/-/dayjs-precise-range-1.0.1.tgz",
      "integrity": "sha512-d2Af99ennTt+DykEDt4aZHk6roMJA2Zb6KmI5pQnvei/4quCJwFqVsYKOKE3c5ZjjJasAUVm2xLoCewKJ/4Vgg=="
    }
  }
}
